// !$*UTF8*$!
{
	archiveVersion = 1;
	classes = {
	};
	objectVersion = 48;
	objects = {

/* Begin PBXBuildFile section */
		847F8A7E1F8E5E5200717110 /* main.cpp in Sources */ = {isa = PBXBuildFile; fileRef = 847F8A7D1F8E5E5200717110 /* main.cpp */; };
		848080341F7D240E007B7269 /* main.cpp in Sources */ = {isa = PBXBuildFile; fileRef = 848080331F7D240E007B7269 /* main.cpp */; };
/* End PBXBuildFile section */

/* Begin PBXCopyFilesBuildPhase section */
		847F8A791F8E5E5200717110 /* CopyFiles */ = {
			isa = PBXCopyFilesBuildPhase;
			buildActionMask = 2147483647;
			dstPath = /usr/share/man/man1/;
			dstSubfolderSpec = 0;
			files = (
			);
			runOnlyForDeploymentPostprocessing = 1;
		};
		8480802E1F7D240E007B7269 /* CopyFiles */ = {
			isa = PBXCopyFilesBuildPhase;
			buildActionMask = 2147483647;
			dstPath = /usr/share/man/man1/;
			dstSubfolderSpec = 0;
			files = (
			);
			runOnlyForDeploymentPostprocessing = 1;
		};
/* End PBXCopyFilesBuildPhase section */

/* Begin PBXFileReference section */
		847F8A7B1F8E5E5200717110 /* Sieve-openmp */ = {isa = PBXFileReference; explicitFileType = "compiled.mach-o.executable"; includeInIndex = 0; path = "Sieve-openmp"; sourceTree = BUILT_PRODUCTS_DIR; };
		847F8A7D1F8E5E5200717110 /* main.cpp */ = {isa = PBXFileReference; lastKnownFileType = sourcecode.cpp.cpp; path = main.cpp; sourceTree = "<group>"; };
		848080301F7D240E007B7269 /* Sieve_of_Eratosthene */ = {isa = PBXFileReference; explicitFileType = "compiled.mach-o.executable"; includeInIndex = 0; path = Sieve_of_Eratosthene; sourceTree = BUILT_PRODUCTS_DIR; };
		848080331F7D240E007B7269 /* main.cpp */ = {isa = PBXFileReference; fileEncoding = 4; lastKnownFileType = sourcecode.cpp.cpp; lineEnding = 0; path = main.cpp; sourceTree = "<group>"; tabWidth = 4; wrapsLines = 1; };
/* End PBXFileReference section */

/* Begin PBXFrameworksBuildPhase section */
		847F8A781F8E5E5200717110 /* Frameworks */ = {
			isa = PBXFrameworksBuildPhase;
			buildActionMask = 2147483647;
			files = (
			);
			runOnlyForDeploymentPostprocessing = 0;
		};
		8480802D1F7D240E007B7269 /* Frameworks */ = {
			isa = PBXFrameworksBuildPhase;
			buildActionMask = 2147483647;
			files = (
			);
			runOnlyForDeploymentPostprocessing = 0;
		};
/* End PBXFrameworksBuildPhase section */

/* Begin PBXGroup section */
		847F8A7C1F8E5E5200717110 /* Sieve-openmp */ = {
			isa = PBXGroup;
			children = (
				847F8A7D1F8E5E5200717110 /* main.cpp */,
			);
			path = "Sieve-openmp";
			sourceTree = "<group>";
		};
		848080271F7D240E007B7269 = {
			isa = PBXGroup;
			children = (
				848080321F7D240E007B7269 /* Sieve_of_Eratosthene */,
				847F8A7C1F8E5E5200717110 /* Sieve-openmp */,
				848080311F7D240E007B7269 /* Products */,
			);
			sourceTree = "<group>";
		};
		848080311F7D240E007B7269 /* Products */ = {
			isa = PBXGroup;
			children = (
				848080301F7D240E007B7269 /* Sieve_of_Eratosthene */,
				847F8A7B1F8E5E5200717110 /* Sieve-openmp */,
			);
			name = Products;
			sourceTree = "<group>";
		};
		848080321F7D240E007B7269 /* Sieve_of_Eratosthene */ = {
			isa = PBXGroup;
			children = (
				848080331F7D240E007B7269 /* main.cpp */,
			);
			path = Sieve_of_Eratosthene;
			sourceTree = "<group>";
		};
/* End PBXGroup section */

/* Begin PBXNativeTarget section */
		847F8A7A1F8E5E5200717110 /* Sieve-openmp */ = {
			isa = PBXNativeTarget;
			buildConfigurationList = 847F8A811F8E5E5200717110 /* Build configuration list for PBXNativeTarget "Sieve-openmp" */;
			buildPhases = (
				847F8A771F8E5E5200717110 /* Sources */,
				847F8A781F8E5E5200717110 /* Frameworks */,
				847F8A791F8E5E5200717110 /* CopyFiles */,
			);
			buildRules = (
			);
			dependencies = (
			);
			name = "Sieve-openmp";
			productName = "Sieve-openmp";
			productReference = 847F8A7B1F8E5E5200717110 /* Sieve-openmp */;
			productType = "com.apple.product-type.tool";
		};
		8480802F1F7D240E007B7269 /* Sieve_of_Eratosthene */ = {
			isa = PBXNativeTarget;
			buildConfigurationList = 848080371F7D240E007B7269 /* Build configuration list for PBXNativeTarget "Sieve_of_Eratosthene" */;
			buildPhases = (
				8480802C1F7D240E007B7269 /* Sources */,
				8480802D1F7D240E007B7269 /* Frameworks */,
				8480802E1F7D240E007B7269 /* CopyFiles */,
			);
			buildRules = (
			);
			dependencies = (
			);
			name = Sieve_of_Eratosthene;
			productName = Sieve_of_Eratosthene;
			productReference = 848080301F7D240E007B7269 /* Sieve_of_Eratosthene */;
			productType = "com.apple.product-type.tool";
		};
/* End PBXNativeTarget section */

/* Begin PBXProject section */
		848080281F7D240E007B7269 /* Project object */ = {
			isa = PBXProject;
			attributes = {
				LastUpgradeCheck = 0900;
				ORGANIZATIONNAME = "Imad Collin";
				TargetAttributes = {
					847F8A7A1F8E5E5200717110 = {
						CreatedOnToolsVersion = 9.0;
						ProvisioningStyle = Automatic;
					};
					8480802F1F7D240E007B7269 = {
						CreatedOnToolsVersion = 9.0;
						ProvisioningStyle = Automatic;
					};
				};
			};
			buildConfigurationList = 8480802B1F7D240E007B7269 /* Build configuration list for PBXProject "Sieve_of_Eratosthene" */;
			compatibilityVersion = "Xcode 8.0";
			developmentRegion = en;
			hasScannedForEncodings = 0;
			knownRegions = (
				en,
			);
			mainGroup = 848080271F7D240E007B7269;
			productRefGroup = 848080311F7D240E007B7269 /* Products */;
			projectDirPath = "";
			projectRoot = "";
			targets = (
				8480802F1F7D240E007B7269 /* Sieve_of_Eratosthene */,
				847F8A7A1F8E5E5200717110 /* Sieve-openmp */,
			);
		};
/* End PBXProject section */

/* Begin PBXSourcesBuildPhase section */
		847F8A771F8E5E5200717110 /* Sources */ = {
			isa = PBXSourcesBuildPhase;
			buildActionMask = 2147483647;
			files = (
				847F8A7E1F8E5E5200717110 /* main.cpp in Sources */,
			);
			runOnlyForDeploymentPostprocessing = 0;
		};
		8480802C1F7D240E007B7269 /* Sources */ = {
			isa = PBXSourcesBuildPhase;
			buildActionMask = 2147483647;
			files = (
				848080341F7D240E007B7269 /* main.cpp in Sources */,
			);
			runOnlyForDeploymentPostprocessing = 0;
		};
/* End PBXSourcesBuildPhase section */

/* Begin XCBuildConfiguration section */
		847F8A7F1F8E5E5200717110 /* Debug */ = {
			isa = XCBuildConfiguration;
			buildSettings = {
				CODE_SIGN_STYLE = Automatic;
				PRODUCT_NAME = "$(TARGET_NAME)";
			};
			name = Debug;
		};
		847F8A801F8E5E5200717110 /* Release */ = {
			isa = XCBuildConfiguration;
			buildSettings = {
				CODE_SIGN_STYLE = Automatic;
				PRODUCT_NAME = "$(TARGET_NAME)";
			};
			name = Release;
		};
		848080351F7D240E007B7269 /* Debug */ = {
			isa = XCBuildConfiguration;
			buildSettings = {
				ALWAYS_SEARCH_USER_PATHS = NO;
				CLANG_ANALYZER_NONNULL = YES;
				CLANG_ANALYZER_NUMBER_OBJECT_CONVERSION = YES_AGGRESSIVE;
				CLANG_CXX_LANGUAGE_STANDARD = "gnu++14";
				CLANG_CXX_LIBRARY = "libc++";
				CLANG_ENABLE_MODULES = YES;
				CLANG_ENABLE_OBJC_ARC = YES;
				CLANG_WARN_BLOCK_CAPTURE_AUTORELEASING = YES;
				CLANG_WARN_BOOL_CONVERSION = YES;
				CLANG_WARN_COMMA = YES;
				CLANG_WARN_CONSTANT_CONVERSION = YES;
				CLANG_WARN_DIRECT_OBJC_ISA_USAGE = YES_ERROR;
				CLANG_WARN_DOCUMENTATION_COMMENTS = YES;
				CLANG_WARN_EMPTY_BODY = YES;
				CLANG_WARN_ENUM_CONVERSION = YES;
				CLANG_WARN_INFINITE_RECURSION = YES;
				CLANG_WARN_INT_CONVERSION = YES;
				CLANG_WARN_NON_LITERAL_NULL_CONVERSION = YES;
				CLANG_WARN_OBJC_LITERAL_CONVERSION = YES;
				CLANG_WARN_OBJC_ROOT_CLASS = YES_ERROR;
				CLANG_WARN_RANGE_LOOP_ANALYSIS = YES;
				CLANG_WARN_STRICT_PROTOTYPES = YES;
				CLANG_WARN_SUSPICIOUS_MOVE = YES;
				CLANG_WARN_UNGUARDED_AVAILABILITY = YES_AGGRESSIVE;
				CLANG_WARN_UNREACHABLE_CODE = YES;
				CLANG_WARN__DUPLICATE_METHOD_MATCH = YES;
				CODE_SIGN_IDENTITY = "-";
				COPY_PHASE_STRIP = NO;
				DEBUG_INFORMATION_FORMAT = dwarf;
				ENABLE_STRICT_OBJC_MSGSEND = YES;
				ENABLE_TESTABILITY = YES;
				GCC_C_LANGUAGE_STANDARD = gnu11;
				GCC_DYNAMIC_NO_PIC = NO;
				GCC_NO_COMMON_BLOCKS = YES;
				GCC_OPTIMIZATION_LEVEL = 0;
				GCC_PREPROCESSOR_DEFINITIONS = (
					"DEBUG=1",
					"$(inherited)",
				);
				GCC_WARN_64_TO_32_BIT_CONVERSION = YES;
				GCC_WARN_ABOUT_RETURN_TYPE = YES_ERROR;
				GCC_WARN_UNDECLARED_SELECTOR = YES;
				GCC_WARN_UNINITIALIZED_AUTOS = YES_AGGRESSIVE;
				GCC_WARN_UNUSED_FUNCTION = YES;
				GCC_WARN_UNUSED_VARIABLE = YES;
				MACOSX_DEPLOYMENT_TARGET = 10.12;
				MTL_ENABLE_DEBUG_INFO = YES;
				ONLY_ACTIVE_ARCH = YES;
				SDKROOT = macosx;
			};
			name = Debug;
		};
		848080361F7D240E007B7269 /* Release */ = {
			isa = XCBuildConfiguration;
			buildSettings = {
				ALWAYS_SEARCH_USER_PATHS = NO;
				CLANG_ANALYZER_NONNULL = YES;
				CLANG_ANALYZER_NUMBER_OBJECT_CONVERSION = YES_AGGRESSIVE;
				CLANG_CXX_LANGUAGE_STANDARD = "gnu++14";
				CLANG_CXX_LIBRARY = "libc++";
				CLANG_ENABLE_MODULES = YES;
				CLANG_ENABLE_OBJC_ARC = YES;
				CLANG_WARN_BLOCK_CAPTURE_AUTORELEASING = YES;
				CLANG_WARN_BOOL_CONVERSION = YES;
				CLANG_WARN_COMMA = YES;
				CLANG_WARN_CONSTANT_CONVERSION = YES;
				CLANG_WARN_DIRECT_OBJC_ISA_USAGE = YES_ERROR;
				CLANG_WARN_DOCUMENTATION_COMMENTS = YES;
				CLANG_WARN_EMPTY_BODY = YES;
				CLANG_WARN_ENUM_CONVERSION = YES;
				CLANG_WARN_INFINITE_RECURSION = YES;
				CLANG_WARN_INT_CONVERSION = YES;
				CLANG_WARN_NON_LITERAL_NULL_CONVERSION = YES;
				CLANG_WARN_OBJC_LITERAL_CONVERSION = YES;
				CLANG_WARN_OBJC_ROOT_CLASS = YES_ERROR;
				CLANG_WARN_RANGE_LOOP_ANALYSIS = YES;
				CLANG_WARN_STRICT_PROTOTYPES = YES;
				CLANG_WARN_SUSPICIOUS_MOVE = YES;
				CLANG_WARN_UNGUARDED_AVAILABILITY = YES_AGGRESSIVE;
				CLANG_WARN_UNREACHABLE_CODE = YES;
				CLANG_WARN__DUPLICATE_METHOD_MATCH = YES;
				CODE_SIGN_IDENTITY = "-";
				COPY_PHASE_STRIP = NO;
				DEBUG_INFORMATION_FORMAT = "dwarf-with-dsym";
				ENABLE_NS_ASSERTIONS = NO;
				ENABLE_STRICT_OBJC_MSGSEND = YES;
				GCC_C_LANGUAGE_STANDARD = gnu11;
				GCC_NO_COMMON_BLOCKS = YES;
				GCC_WARN_64_TO_32_BIT_CONVERSION = YES;
				GCC_WARN_ABOUT_RETURN_TYPE = YES_ERROR;
				GCC_WARN_UNDECLARED_SELECTOR = YES;
				GCC_WARN_UNINITIALIZED_AUTOS = YES_AGGRESSIVE;
				GCC_WARN_UNUSED_FUNCTION = YES;
				GCC_WARN_UNUSED_VARIABLE = YES;
				MACOSX_DEPLOYMENT_TARGET = 10.12;
				MTL_ENABLE_DEBUG_INFO = NO;
				SDKROOT = macosx;
			};
			name = Release;
		};
		848080381F7D240E007B7269 /* Debug */ = {
			isa = XCBuildConfiguration;
			buildSettings = {
				CODE_SIGN_STYLE = Automatic;
				PRODUCT_NAME = "$(TARGET_NAME)";
			};
			name = Debug;
		};
		848080391F7D240E007B7269 /* Release */ = {
			isa = XCBuildConfiguration;
			buildSettings = {
				CODE_SIGN_STYLE = Automatic;
				PRODUCT_NAME = "$(TARGET_NAME)";
			};
			name = Release;
		};
/* End XCBuildConfiguration section */

/* Begin XCConfigurationList section */
		847F8A811F8E5E5200717110 /* Build configuration list for PBXNativeTarget "Sieve-openmp" */ = {
			isa = XCConfigurationList;
			buildConfigurations = (
				847F8A7F1F8E5E5200717110 /* Debug */,
				847F8A801F8E5E5200717110 /* Release */,
			);
			defaultConfigurationIsVisible = 0;
			defaultConfigurationName = Release;
		};
		8480802B1F7D240E007B7269 /* Build configuration list for PBXProject "Sieve_of_Eratosthene" */ = {
			isa = XCConfigurationList;
			buildConfigurations = (
				848080351F7D240E007B7269 /* Debug */,
				848080361F7D240E007B7269 /* Release */,
			);
			defaultConfigurationIsVisible = 0;
			defaultConfigurationName = Release;
		};
		848080371F7D240E007B7269 /* Build configuration list for PBXNativeTarget "Sieve_of_Eratosthene" */ = {
			isa = XCConfigurationList;
			buildConfigurations = (
				848080381F7D240E007B7269 /* Debug */,
				848080391F7D240E007B7269 /* Release */,
			);
			defaultConfigurationIsVisible = 0;
			defaultConfigurationName = Release;
		};
/* End XCConfigurationList section */
	};
	rootObject = 848080281F7D240E007B7269 /* Project object */;
}
